// !$*UTF8*$!
{
	archiveVersion = 1;
	classes = {
	};
	objectVersion = 56;
	objects = {

/* Begin PBXBuildFile section */
		9F5261712CB3B4E200B6CFCE /* AkatukiView.swift in Sources */ = {isa = PBXBuildFile; fileRef = 9F5261702CB3B4E200B6CFCE /* AkatukiView.swift */; };
		F3863F912CAD5B9D00B41F49 /* FSCalendar in Frameworks */ = {isa = PBXBuildFile; productRef = F3863F902CAD5B9D00B41F49 /* FSCalendar */; };
		F3913B122CAD8C4A0045F1A8 /* ScheduleGrid.swift in Sources */ = {isa = PBXBuildFile; fileRef = F3913B112CAD8C4A0045F1A8 /* ScheduleGrid.swift */; };
		F3913B142CAD948A0045F1A8 /* OnedayScheduleView.swift in Sources */ = {isa = PBXBuildFile; fileRef = F3913B132CAD948A0045F1A8 /* OnedayScheduleView.swift */; };
		F39D753A2CAD390E0080D20A /* CalendarApp.swift in Sources */ = {isa = PBXBuildFile; fileRef = F39D75392CAD390E0080D20A /* CalendarApp.swift */; };
		F39D753C2CAD390E0080D20A /* CalendarView.swift in Sources */ = {isa = PBXBuildFile; fileRef = F39D753B2CAD390E0080D20A /* CalendarView.swift */; };
		F39D753E2CAD390F0080D20A /* Assets.xcassets in Resources */ = {isa = PBXBuildFile; fileRef = F39D753D2CAD390F0080D20A /* Assets.xcassets */; };
		F39D75412CAD390F0080D20A /* Preview Assets.xcassets in Resources */ = {isa = PBXBuildFile; fileRef = F39D75402CAD390F0080D20A /* Preview Assets.xcassets */; };
		F39D754B2CAD390F0080D20A /* CalendarTests.swift in Sources */ = {isa = PBXBuildFile; fileRef = F39D754A2CAD390F0080D20A /* CalendarTests.swift */; };
		F39D75552CAD390F0080D20A /* CalendarUITests.swift in Sources */ = {isa = PBXBuildFile; fileRef = F39D75542CAD390F0080D20A /* CalendarUITests.swift */; };
		F39D75572CAD390F0080D20A /* CalendarUITestsLaunchTests.swift in Sources */ = {isa = PBXBuildFile; fileRef = F39D75562CAD390F0080D20A /* CalendarUITestsLaunchTests.swift */; };
		F39D756A2CAD40E30080D20A /* fscalendar.swift in Sources */ = {isa = PBXBuildFile; fileRef = F39D75692CAD40E30080D20A /* fscalendar.swift */; };
		F39D756D2CAD57520080D20A /* Date.swift in Sources */ = {isa = PBXBuildFile; fileRef = F39D756C2CAD57520080D20A /* Date.swift */; };
		F3F097122CAEDE26007EA868 /* EntryView.swift in Sources */ = {isa = PBXBuildFile; fileRef = F3F097112CAEDE26007EA868 /* EntryView.swift */; };
		F3F097142CAEDFFC007EA868 /* LeftSheetView.swift in Sources */ = {isa = PBXBuildFile; fileRef = F3F097132CAEDFFC007EA868 /* LeftSheetView.swift */; };
		F3F097162CAEE89F007EA868 /* ViewSelect.swift in Sources */ = {isa = PBXBuildFile; fileRef = F3F097152CAEE89F007EA868 /* ViewSelect.swift */; };
		F3F0971B2CAEEBC7007EA868 /* LeftSheetButton.swift in Sources */ = {isa = PBXBuildFile; fileRef = F3F0971A2CAEEBC7007EA868 /* LeftSheetButton.swift */; };
		F3F0971D2CAEEC17007EA868 /* SystemName.swift in Sources */ = {isa = PBXBuildFile; fileRef = F3F0971C2CAEEC17007EA868 /* SystemName.swift */; };
/* End PBXBuildFile section */

/* Begin PBXContainerItemProxy section */
		F39D75472CAD390F0080D20A /* PBXContainerItemProxy */ = {
			isa = PBXContainerItemProxy;
			containerPortal = F39D752E2CAD390E0080D20A /* Project object */;
			proxyType = 1;
			remoteGlobalIDString = F39D75352CAD390E0080D20A;
			remoteInfo = Calendar;
		};
		F39D75512CAD390F0080D20A /* PBXContainerItemProxy */ = {
			isa = PBXContainerItemProxy;
			containerPortal = F39D752E2CAD390E0080D20A /* Project object */;
			proxyType = 1;
			remoteGlobalIDString = F39D75352CAD390E0080D20A;
			remoteInfo = Calendar;
		};
/* End PBXContainerItemProxy section */

/* Begin PBXFileReference section */
		9F5261702CB3B4E200B6CFCE /* AkatukiView.swift */ = {isa = PBXFileReference; lastKnownFileType = sourcecode.swift; path = AkatukiView.swift; sourceTree = "<group>"; };
		F3913B112CAD8C4A0045F1A8 /* ScheduleGrid.swift */ = {isa = PBXFileReference; lastKnownFileType = sourcecode.swift; path = ScheduleGrid.swift; sourceTree = "<group>"; };
		F3913B132CAD948A0045F1A8 /* OnedayScheduleView.swift */ = {isa = PBXFileReference; lastKnownFileType = sourcecode.swift; path = OnedayScheduleView.swift; sourceTree = "<group>"; };
		F39D75362CAD390E0080D20A /* Calendar.app */ = {isa = PBXFileReference; explicitFileType = wrapper.application; includeInIndex = 0; path = Calendar.app; sourceTree = BUILT_PRODUCTS_DIR; };
		F39D75392CAD390E0080D20A /* CalendarApp.swift */ = {isa = PBXFileReference; lastKnownFileType = sourcecode.swift; path = CalendarApp.swift; sourceTree = "<group>"; };
		F39D753B2CAD390E0080D20A /* CalendarView.swift */ = {isa = PBXFileReference; lastKnownFileType = sourcecode.swift; path = CalendarView.swift; sourceTree = "<group>"; };
		F39D753D2CAD390F0080D20A /* Assets.xcassets */ = {isa = PBXFileReference; lastKnownFileType = folder.assetcatalog; path = Assets.xcassets; sourceTree = "<group>"; };
		F39D75402CAD390F0080D20A /* Preview Assets.xcassets */ = {isa = PBXFileReference; lastKnownFileType = folder.assetcatalog; path = "Preview Assets.xcassets"; sourceTree = "<group>"; };
		F39D75462CAD390F0080D20A /* CalendarTests.xctest */ = {isa = PBXFileReference; explicitFileType = wrapper.cfbundle; includeInIndex = 0; path = CalendarTests.xctest; sourceTree = BUILT_PRODUCTS_DIR; };
		F39D754A2CAD390F0080D20A /* CalendarTests.swift */ = {isa = PBXFileReference; lastKnownFileType = sourcecode.swift; path = CalendarTests.swift; sourceTree = "<group>"; };
		F39D75502CAD390F0080D20A /* CalendarUITests.xctest */ = {isa = PBXFileReference; explicitFileType = wrapper.cfbundle; includeInIndex = 0; path = CalendarUITests.xctest; sourceTree = BUILT_PRODUCTS_DIR; };
		F39D75542CAD390F0080D20A /* CalendarUITests.swift */ = {isa = PBXFileReference; lastKnownFileType = sourcecode.swift; path = CalendarUITests.swift; sourceTree = "<group>"; };
		F39D75562CAD390F0080D20A /* CalendarUITestsLaunchTests.swift */ = {isa = PBXFileReference; lastKnownFileType = sourcecode.swift; path = CalendarUITestsLaunchTests.swift; sourceTree = "<group>"; };
		F39D75692CAD40E30080D20A /* fscalendar.swift */ = {isa = PBXFileReference; lastKnownFileType = sourcecode.swift; path = fscalendar.swift; sourceTree = "<group>"; };
		F39D756C2CAD57520080D20A /* Date.swift */ = {isa = PBXFileReference; lastKnownFileType = sourcecode.swift; path = Date.swift; sourceTree = "<group>"; };
		F3F097112CAEDE26007EA868 /* EntryView.swift */ = {isa = PBXFileReference; lastKnownFileType = sourcecode.swift; path = EntryView.swift; sourceTree = "<group>"; };
		F3F097132CAEDFFC007EA868 /* LeftSheetView.swift */ = {isa = PBXFileReference; lastKnownFileType = sourcecode.swift; path = LeftSheetView.swift; sourceTree = "<group>"; };
		F3F097152CAEE89F007EA868 /* ViewSelect.swift */ = {isa = PBXFileReference; lastKnownFileType = sourcecode.swift; path = ViewSelect.swift; sourceTree = "<group>"; };
		F3F0971A2CAEEBC7007EA868 /* LeftSheetButton.swift */ = {isa = PBXFileReference; lastKnownFileType = sourcecode.swift; path = LeftSheetButton.swift; sourceTree = "<group>"; };
		F3F0971C2CAEEC17007EA868 /* SystemName.swift */ = {isa = PBXFileReference; lastKnownFileType = sourcecode.swift; path = SystemName.swift; sourceTree = "<group>"; };
/* End PBXFileReference section */

/* Begin PBXFrameworksBuildPhase section */
		F39D75332CAD390E0080D20A /* Frameworks */ = {
			isa = PBXFrameworksBuildPhase;
			buildActionMask = 2147483647;
			files = (
				F3863F912CAD5B9D00B41F49 /* FSCalendar in Frameworks */,
			);
			runOnlyForDeploymentPostprocessing = 0;
		};
		F39D75432CAD390F0080D20A /* Frameworks */ = {
			isa = PBXFrameworksBuildPhase;
			buildActionMask = 2147483647;
			files = (
			);
			runOnlyForDeploymentPostprocessing = 0;
		};
		F39D754D2CAD390F0080D20A /* Frameworks */ = {
			isa = PBXFrameworksBuildPhase;
			buildActionMask = 2147483647;
			files = (
			);
			runOnlyForDeploymentPostprocessing = 0;
		};
/* End PBXFrameworksBuildPhase section */

/* Begin PBXGroup section */
		F3747D042CAECAE200A177BD /* App */ = {
			isa = PBXGroup;
			children = (
				F39D75392CAD390E0080D20A /* CalendarApp.swift */,
			);
			path = App;
			sourceTree = "<group>";
		};
		F3747D052CAECB2400A177BD /* UI */ = {
			isa = PBXGroup;
			children = (
				F3F097102CAEDDFA007EA868 /* View */,
				F39D75382CAD390E0080D20A /* Calendar */,
				F3913B0C2CAD8A950045F1A8 /* Schedule */,
			);
			path = UI;
			sourceTree = "<group>";
		};
		F3747D062CAECB3F00A177BD /* Models */ = {
			isa = PBXGroup;
			children = (
				F3F097152CAEE89F007EA868 /* ViewSelect.swift */,
				F3F0971C2CAEEC17007EA868 /* SystemName.swift */,
			);
			path = Models;
			sourceTree = "<group>";
		};
		F3747D072CAECBDF00A177BD /* Components */ = {
			isa = PBXGroup;
			children = (
				F3913B112CAD8C4A0045F1A8 /* ScheduleGrid.swift */,
			);
			path = Components;
			sourceTree = "<group>";
		};
		F3747D082CAECC8600A177BD /* Utils */ = {
			isa = PBXGroup;
			children = (
				F39D75682CAD40CC0080D20A /* fscalendar */,
			);
			path = Utils;
			sourceTree = "<group>";
		};
		F3913B0C2CAD8A950045F1A8 /* Schedule */ = {
			isa = PBXGroup;
			children = (
				F3913B132CAD948A0045F1A8 /* OnedayScheduleView.swift */,
				F3747D072CAECBDF00A177BD /* Components */,
			);
			path = Schedule;
			sourceTree = "<group>";
		};
		F39D752D2CAD390E0080D20A = {
			isa = PBXGroup;
			children = (
				F3747D082CAECC8600A177BD /* Utils */,
				F39D753F2CAD390F0080D20A /* Preview Content */,
				F3747D062CAECB3F00A177BD /* Models */,
				F3747D052CAECB2400A177BD /* UI */,
				F3747D042CAECAE200A177BD /* App */,
				F39D756B2CAD57420080D20A /* Extension */,
				F39D75492CAD390F0080D20A /* CalendarTests */,
				F39D75532CAD390F0080D20A /* CalendarUITests */,
				F39D75372CAD390E0080D20A /* Products */,
				F39D75642CAD3D7C0080D20A /* Frameworks */,
			);
			sourceTree = "<group>";
		};
		F39D75372CAD390E0080D20A /* Products */ = {
			isa = PBXGroup;
			children = (
				F39D75362CAD390E0080D20A /* Calendar.app */,
				F39D75462CAD390F0080D20A /* CalendarTests.xctest */,
				F39D75502CAD390F0080D20A /* CalendarUITests.xctest */,
			);
			name = Products;
			sourceTree = "<group>";
		};
		F39D75382CAD390E0080D20A /* Calendar */ = {
			isa = PBXGroup;
			children = (
				F39D753B2CAD390E0080D20A /* CalendarView.swift */,
			);
			path = Calendar;
			sourceTree = "<group>";
		};
		F39D753F2CAD390F0080D20A /* Preview Content */ = {
			isa = PBXGroup;
			children = (
				F39D75402CAD390F0080D20A /* Preview Assets.xcassets */,
				F39D753D2CAD390F0080D20A /* Assets.xcassets */,
			);
			path = "Preview Content";
			sourceTree = "<group>";
		};
		F39D75492CAD390F0080D20A /* CalendarTests */ = {
			isa = PBXGroup;
			children = (
				F39D754A2CAD390F0080D20A /* CalendarTests.swift */,
			);
			path = CalendarTests;
			sourceTree = "<group>";
		};
		F39D75532CAD390F0080D20A /* CalendarUITests */ = {
			isa = PBXGroup;
			children = (
				F39D75542CAD390F0080D20A /* CalendarUITests.swift */,
				F39D75562CAD390F0080D20A /* CalendarUITestsLaunchTests.swift */,
			);
			path = CalendarUITests;
			sourceTree = "<group>";
		};
		F39D75642CAD3D7C0080D20A /* Frameworks */ = {
			isa = PBXGroup;
			children = (
			);
			name = Frameworks;
			sourceTree = "<group>";
		};
		F39D75682CAD40CC0080D20A /* fscalendar */ = {
			isa = PBXGroup;
			children = (
				F39D75692CAD40E30080D20A /* fscalendar.swift */,
			);
			path = fscalendar;
			sourceTree = "<group>";
		};
		F39D756B2CAD57420080D20A /* Extension */ = {
			isa = PBXGroup;
			children = (
				F39D756C2CAD57520080D20A /* Date.swift */,
			);
			path = Extension;
			sourceTree = "<group>";
		};
		F3F097102CAEDDFA007EA868 /* View */ = {
			isa = PBXGroup;
			children = (
				F3F097112CAEDE26007EA868 /* EntryView.swift */,
				F3F097132CAEDFFC007EA868 /* LeftSheetView.swift */,
				F3F097172CAEEBA3007EA868 /* Components */,
				9F5261702CB3B4E200B6CFCE /* AkatukiView.swift */,
			);
			path = View;
			sourceTree = "<group>";
		};
		F3F097172CAEEBA3007EA868 /* Components */ = {
			isa = PBXGroup;
			children = (
				F3F0971A2CAEEBC7007EA868 /* LeftSheetButton.swift */,
			);
			path = Components;
			sourceTree = "<group>";
		};
/* End PBXGroup section */

/* Begin PBXNativeTarget section */
		F39D75352CAD390E0080D20A /* Calendar */ = {
			isa = PBXNativeTarget;
			buildConfigurationList = F39D755A2CAD390F0080D20A /* Build configuration list for PBXNativeTarget "Calendar" */;
			buildPhases = (
				F39D75322CAD390E0080D20A /* Sources */,
				F39D75332CAD390E0080D20A /* Frameworks */,
				F39D75342CAD390E0080D20A /* Resources */,
			);
			buildRules = (
			);
			dependencies = (
			);
			name = Calendar;
			packageProductDependencies = (
				F3863F902CAD5B9D00B41F49 /* FSCalendar */,
			);
			productName = Calendar;
			productReference = F39D75362CAD390E0080D20A /* Calendar.app */;
			productType = "com.apple.product-type.application";
		};
		F39D75452CAD390F0080D20A /* CalendarTests */ = {
			isa = PBXNativeTarget;
			buildConfigurationList = F39D755D2CAD390F0080D20A /* Build configuration list for PBXNativeTarget "CalendarTests" */;
			buildPhases = (
				F39D75422CAD390F0080D20A /* Sources */,
				F39D75432CAD390F0080D20A /* Frameworks */,
				F39D75442CAD390F0080D20A /* Resources */,
			);
			buildRules = (
			);
			dependencies = (
				F39D75482CAD390F0080D20A /* PBXTargetDependency */,
			);
			name = CalendarTests;
			productName = CalendarTests;
			productReference = F39D75462CAD390F0080D20A /* CalendarTests.xctest */;
			productType = "com.apple.product-type.bundle.unit-test";
		};
		F39D754F2CAD390F0080D20A /* CalendarUITests */ = {
			isa = PBXNativeTarget;
			buildConfigurationList = F39D75602CAD390F0080D20A /* Build configuration list for PBXNativeTarget "CalendarUITests" */;
			buildPhases = (
				F39D754C2CAD390F0080D20A /* Sources */,
				F39D754D2CAD390F0080D20A /* Frameworks */,
				F39D754E2CAD390F0080D20A /* Resources */,
			);
			buildRules = (
			);
			dependencies = (
				F39D75522CAD390F0080D20A /* PBXTargetDependency */,
			);
			name = CalendarUITests;
			productName = CalendarUITests;
			productReference = F39D75502CAD390F0080D20A /* CalendarUITests.xctest */;
			productType = "com.apple.product-type.bundle.ui-testing";
		};
/* End PBXNativeTarget section */

/* Begin PBXProject section */
		F39D752E2CAD390E0080D20A /* Project object */ = {
			isa = PBXProject;
			attributes = {
				BuildIndependentTargetsInParallel = 1;
				LastSwiftUpdateCheck = 1540;
				LastUpgradeCheck = 1540;
				TargetAttributes = {
					F39D75352CAD390E0080D20A = {
						CreatedOnToolsVersion = 15.4;
					};
					F39D75452CAD390F0080D20A = {
						CreatedOnToolsVersion = 15.4;
						TestTargetID = F39D75352CAD390E0080D20A;
					};
					F39D754F2CAD390F0080D20A = {
						CreatedOnToolsVersion = 15.4;
						TestTargetID = F39D75352CAD390E0080D20A;
					};
				};
			};
			buildConfigurationList = F39D75312CAD390E0080D20A /* Build configuration list for PBXProject "Calendar" */;
			compatibilityVersion = "Xcode 14.0";
			developmentRegion = en;
			hasScannedForEncodings = 0;
			knownRegions = (
				en,
				Base,
			);
			mainGroup = F39D752D2CAD390E0080D20A;
			packageReferences = (
				F3863F8F2CAD5B9D00B41F49 /* XCRemoteSwiftPackageReference "FSCalendar" */,
			);
			productRefGroup = F39D75372CAD390E0080D20A /* Products */;
			projectDirPath = "";
			projectRoot = "";
			targets = (
				F39D75352CAD390E0080D20A /* Calendar */,
				F39D75452CAD390F0080D20A /* CalendarTests */,
				F39D754F2CAD390F0080D20A /* CalendarUITests */,
			);
		};
/* End PBXProject section */

/* Begin PBXResourcesBuildPhase section */
		F39D75342CAD390E0080D20A /* Resources */ = {
			isa = PBXResourcesBuildPhase;
			buildActionMask = 2147483647;
			files = (
				F39D75412CAD390F0080D20A /* Preview Assets.xcassets in Resources */,
				F39D753E2CAD390F0080D20A /* Assets.xcassets in Resources */,
			);
			runOnlyForDeploymentPostprocessing = 0;
		};
		F39D75442CAD390F0080D20A /* Resources */ = {
			isa = PBXResourcesBuildPhase;
			buildActionMask = 2147483647;
			files = (
			);
			runOnlyForDeploymentPostprocessing = 0;
		};
		F39D754E2CAD390F0080D20A /* Resources */ = {
			isa = PBXResourcesBuildPhase;
			buildActionMask = 2147483647;
			files = (
			);
			runOnlyForDeploymentPostprocessing = 0;
		};
/* End PBXResourcesBuildPhase section */

/* Begin PBXSourcesBuildPhase section */
		F39D75322CAD390E0080D20A /* Sources */ = {
			isa = PBXSourcesBuildPhase;
			buildActionMask = 2147483647;
			files = (
				F3F0971B2CAEEBC7007EA868 /* LeftSheetButton.swift in Sources */,
				9F5261712CB3B4E200B6CFCE /* AkatukiView.swift in Sources */,
				F3913B122CAD8C4A0045F1A8 /* ScheduleGrid.swift in Sources */,
				F39D753C2CAD390E0080D20A /* CalendarView.swift in Sources */,
				F3F097162CAEE89F007EA868 /* ViewSelect.swift in Sources */,
				F39D753A2CAD390E0080D20A /* CalendarApp.swift in Sources */,
				F39D756A2CAD40E30080D20A /* fscalendar.swift in Sources */,
				F3F097122CAEDE26007EA868 /* EntryView.swift in Sources */,
				F3F097142CAEDFFC007EA868 /* LeftSheetView.swift in Sources */,
				F39D756D2CAD57520080D20A /* Date.swift in Sources */,
				F3913B142CAD948A0045F1A8 /* OnedayScheduleView.swift in Sources */,
				F3F0971D2CAEEC17007EA868 /* SystemName.swift in Sources */,
			);
			runOnlyForDeploymentPostprocessing = 0;
		};
		F39D75422CAD390F0080D20A /* Sources */ = {
			isa = PBXSourcesBuildPhase;
			buildActionMask = 2147483647;
			files = (
				F39D754B2CAD390F0080D20A /* CalendarTests.swift in Sources */,
			);
			runOnlyForDeploymentPostprocessing = 0;
		};
		F39D754C2CAD390F0080D20A /* Sources */ = {
			isa = PBXSourcesBuildPhase;
			buildActionMask = 2147483647;
			files = (
				F39D75572CAD390F0080D20A /* CalendarUITestsLaunchTests.swift in Sources */,
				F39D75552CAD390F0080D20A /* CalendarUITests.swift in Sources */,
			);
			runOnlyForDeploymentPostprocessing = 0;
		};
/* End PBXSourcesBuildPhase section */

/* Begin PBXTargetDependency section */
		F39D75482CAD390F0080D20A /* PBXTargetDependency */ = {
			isa = PBXTargetDependency;
			target = F39D75352CAD390E0080D20A /* Calendar */;
			targetProxy = F39D75472CAD390F0080D20A /* PBXContainerItemProxy */;
		};
		F39D75522CAD390F0080D20A /* PBXTargetDependency */ = {
			isa = PBXTargetDependency;
			target = F39D75352CAD390E0080D20A /* Calendar */;
			targetProxy = F39D75512CAD390F0080D20A /* PBXContainerItemProxy */;
		};
/* End PBXTargetDependency section */

/* Begin XCBuildConfiguration section */
		F39D75582CAD390F0080D20A /* Debug */ = {
			isa = XCBuildConfiguration;
			buildSettings = {
				ALWAYS_SEARCH_USER_PATHS = NO;
				ASSETCATALOG_COMPILER_GENERATE_SWIFT_ASSET_SYMBOL_EXTENSIONS = YES;
				CLANG_ANALYZER_NONNULL = YES;
				CLANG_ANALYZER_NUMBER_OBJECT_CONVERSION = YES_AGGRESSIVE;
				CLANG_CXX_LANGUAGE_STANDARD = "gnu++20";
				CLANG_ENABLE_MODULES = YES;
				CLANG_ENABLE_OBJC_ARC = YES;
				CLANG_ENABLE_OBJC_WEAK = YES;
				CLANG_WARN_BLOCK_CAPTURE_AUTORELEASING = YES;
				CLANG_WARN_BOOL_CONVERSION = YES;
				CLANG_WARN_COMMA = YES;
				CLANG_WARN_CONSTANT_CONVERSION = YES;
				CLANG_WARN_DEPRECATED_OBJC_IMPLEMENTATIONS = YES;
				CLANG_WARN_DIRECT_OBJC_ISA_USAGE = YES_ERROR;
				CLANG_WARN_DOCUMENTATION_COMMENTS = YES;
				CLANG_WARN_EMPTY_BODY = YES;
				CLANG_WARN_ENUM_CONVERSION = YES;
				CLANG_WARN_INFINITE_RECURSION = YES;
				CLANG_WARN_INT_CONVERSION = YES;
				CLANG_WARN_NON_LITERAL_NULL_CONVERSION = YES;
				CLANG_WARN_OBJC_IMPLICIT_RETAIN_SELF = YES;
				CLANG_WARN_OBJC_LITERAL_CONVERSION = YES;
				CLANG_WARN_OBJC_ROOT_CLASS = YES_ERROR;
				CLANG_WARN_QUOTED_INCLUDE_IN_FRAMEWORK_HEADER = YES;
				CLANG_WARN_RANGE_LOOP_ANALYSIS = YES;
				CLANG_WARN_STRICT_PROTOTYPES = YES;
				CLANG_WARN_SUSPICIOUS_MOVE = YES;
				CLANG_WARN_UNGUARDED_AVAILABILITY = YES_AGGRESSIVE;
				CLANG_WARN_UNREACHABLE_CODE = YES;
				CLANG_WARN__DUPLICATE_METHOD_MATCH = YES;
				COPY_PHASE_STRIP = NO;
				DEBUG_INFORMATION_FORMAT = dwarf;
				ENABLE_STRICT_OBJC_MSGSEND = YES;
				ENABLE_TESTABILITY = YES;
				ENABLE_USER_SCRIPT_SANDBOXING = YES;
				GCC_C_LANGUAGE_STANDARD = gnu17;
				GCC_DYNAMIC_NO_PIC = NO;
				GCC_NO_COMMON_BLOCKS = YES;
				GCC_OPTIMIZATION_LEVEL = 0;
				GCC_PREPROCESSOR_DEFINITIONS = (
					"DEBUG=1",
					"$(inherited)",
				);
				GCC_WARN_64_TO_32_BIT_CONVERSION = YES;
				GCC_WARN_ABOUT_RETURN_TYPE = YES_ERROR;
				GCC_WARN_UNDECLARED_SELECTOR = YES;
				GCC_WARN_UNINITIALIZED_AUTOS = YES_AGGRESSIVE;
				GCC_WARN_UNUSED_FUNCTION = YES;
				GCC_WARN_UNUSED_VARIABLE = YES;
				IPHONEOS_DEPLOYMENT_TARGET = 17.5;
				LOCALIZATION_PREFERS_STRING_CATALOGS = YES;
				MTL_ENABLE_DEBUG_INFO = INCLUDE_SOURCE;
				MTL_FAST_MATH = YES;
				ONLY_ACTIVE_ARCH = YES;
				SDKROOT = iphoneos;
				SWIFT_ACTIVE_COMPILATION_CONDITIONS = "DEBUG $(inherited)";
				SWIFT_OPTIMIZATION_LEVEL = "-Onone";
			};
			name = Debug;
		};
		F39D75592CAD390F0080D20A /* Release */ = {
			isa = XCBuildConfiguration;
			buildSettings = {
				ALWAYS_SEARCH_USER_PATHS = NO;
				ASSETCATALOG_COMPILER_GENERATE_SWIFT_ASSET_SYMBOL_EXTENSIONS = YES;
				CLANG_ANALYZER_NONNULL = YES;
				CLANG_ANALYZER_NUMBER_OBJECT_CONVERSION = YES_AGGRESSIVE;
				CLANG_CXX_LANGUAGE_STANDARD = "gnu++20";
				CLANG_ENABLE_MODULES = YES;
				CLANG_ENABLE_OBJC_ARC = YES;
				CLANG_ENABLE_OBJC_WEAK = YES;
				CLANG_WARN_BLOCK_CAPTURE_AUTORELEASING = YES;
				CLANG_WARN_BOOL_CONVERSION = YES;
				CLANG_WARN_COMMA = YES;
				CLANG_WARN_CONSTANT_CONVERSION = YES;
				CLANG_WARN_DEPRECATED_OBJC_IMPLEMENTATIONS = YES;
				CLANG_WARN_DIRECT_OBJC_ISA_USAGE = YES_ERROR;
				CLANG_WARN_DOCUMENTATION_COMMENTS = YES;
				CLANG_WARN_EMPTY_BODY = YES;
				CLANG_WARN_ENUM_CONVERSION = YES;
				CLANG_WARN_INFINITE_RECURSION = YES;
				CLANG_WARN_INT_CONVERSION = YES;
				CLANG_WARN_NON_LITERAL_NULL_CONVERSION = YES;
				CLANG_WARN_OBJC_IMPLICIT_RETAIN_SELF = YES;
				CLANG_WARN_OBJC_LITERAL_CONVERSION = YES;
				CLANG_WARN_OBJC_ROOT_CLASS = YES_ERROR;
				CLANG_WARN_QUOTED_INCLUDE_IN_FRAMEWORK_HEADER = YES;
				CLANG_WARN_RANGE_LOOP_ANALYSIS = YES;
				CLANG_WARN_STRICT_PROTOTYPES = YES;
				CLANG_WARN_SUSPICIOUS_MOVE = YES;
				CLANG_WARN_UNGUARDED_AVAILABILITY = YES_AGGRESSIVE;
				CLANG_WARN_UNREACHABLE_CODE = YES;
				CLANG_WARN__DUPLICATE_METHOD_MATCH = YES;
				COPY_PHASE_STRIP = NO;
				DEBUG_INFORMATION_FORMAT = "dwarf-with-dsym";
				ENABLE_NS_ASSERTIONS = NO;
				ENABLE_STRICT_OBJC_MSGSEND = YES;
				ENABLE_USER_SCRIPT_SANDBOXING = YES;
				GCC_C_LANGUAGE_STANDARD = gnu17;
				GCC_NO_COMMON_BLOCKS = YES;
				GCC_WARN_64_TO_32_BIT_CONVERSION = YES;
				GCC_WARN_ABOUT_RETURN_TYPE = YES_ERROR;
				GCC_WARN_UNDECLARED_SELECTOR = YES;
				GCC_WARN_UNINITIALIZED_AUTOS = YES_AGGRESSIVE;
				GCC_WARN_UNUSED_FUNCTION = YES;
				GCC_WARN_UNUSED_VARIABLE = YES;
				IPHONEOS_DEPLOYMENT_TARGET = 17.5;
				LOCALIZATION_PREFERS_STRING_CATALOGS = YES;
				MTL_ENABLE_DEBUG_INFO = NO;
				MTL_FAST_MATH = YES;
				SDKROOT = iphoneos;
				SWIFT_COMPILATION_MODE = wholemodule;
				VALIDATE_PRODUCT = YES;
			};
			name = Release;
		};
		F39D755B2CAD390F0080D20A /* Debug */ = {
			isa = XCBuildConfiguration;
			buildSettings = {
				ASSETCATALOG_COMPILER_APPICON_NAME = AppIcon;
				ASSETCATALOG_COMPILER_GLOBAL_ACCENT_COLOR_NAME = AccentColor;
				CODE_SIGN_STYLE = Automatic;
				CURRENT_PROJECT_VERSION = 1;
				DEVELOPMENT_ASSET_PATHS = "\"Preview Content\"";
				DEVELOPMENT_TEAM = LWS7D7QDFF;
				ENABLE_PREVIEWS = YES;
				GENERATE_INFOPLIST_FILE = YES;
				INFOPLIST_KEY_UIApplicationSceneManifest_Generation = YES;
				INFOPLIST_KEY_UIApplicationSupportsIndirectInputEvents = YES;
				INFOPLIST_KEY_UILaunchScreen_Generation = YES;
				INFOPLIST_KEY_UISupportedInterfaceOrientations_iPad = "UIInterfaceOrientationPortrait UIInterfaceOrientationPortraitUpsideDown UIInterfaceOrientationLandscapeLeft UIInterfaceOrientationLandscapeRight";
				INFOPLIST_KEY_UISupportedInterfaceOrientations_iPhone = "UIInterfaceOrientationPortrait UIInterfaceOrientationLandscapeLeft UIInterfaceOrientationLandscapeRight";
				LD_RUNPATH_SEARCH_PATHS = (
					"$(inherited)",
					"@executable_path/Frameworks",
				);
				MARKETING_VERSION = 1.0;
				PRODUCT_BUNDLE_IDENTIFIER = com.example.Calendar;
				PRODUCT_NAME = "$(TARGET_NAME)";
				SWIFT_EMIT_LOC_STRINGS = YES;
				SWIFT_VERSION = 5.0;
				TARGETED_DEVICE_FAMILY = "1,2";
			};
			name = Debug;
		};
		F39D755C2CAD390F0080D20A /* Release */ = {
			isa = XCBuildConfiguration;
			buildSettings = {
				ASSETCATALOG_COMPILER_APPICON_NAME = AppIcon;
				ASSETCATALOG_COMPILER_GLOBAL_ACCENT_COLOR_NAME = AccentColor;
				CODE_SIGN_STYLE = Automatic;
				CURRENT_PROJECT_VERSION = 1;
				DEVELOPMENT_ASSET_PATHS = "\"Preview Content\"";
				DEVELOPMENT_TEAM = LWS7D7QDFF;
				ENABLE_PREVIEWS = YES;
				GENERATE_INFOPLIST_FILE = YES;
				INFOPLIST_KEY_UIApplicationSceneManifest_Generation = YES;
				INFOPLIST_KEY_UIApplicationSupportsIndirectInputEvents = YES;
				INFOPLIST_KEY_UILaunchScreen_Generation = YES;
				INFOPLIST_KEY_UISupportedInterfaceOrientations_iPad = "UIInterfaceOrientationPortrait UIInterfaceOrientationPortraitUpsideDown UIInterfaceOrientationLandscapeLeft UIInterfaceOrientationLandscapeRight";
				INFOPLIST_KEY_UISupportedInterfaceOrientations_iPhone = "UIInterfaceOrientationPortrait UIInterfaceOrientationLandscapeLeft UIInterfaceOrientationLandscapeRight";
				LD_RUNPATH_SEARCH_PATHS = (
					"$(inherited)",
					"@executable_path/Frameworks",
				);
				MARKETING_VERSION = 1.0;
				PRODUCT_BUNDLE_IDENTIFIER = com.example.Calendar;
				PRODUCT_NAME = "$(TARGET_NAME)";
				SWIFT_EMIT_LOC_STRINGS = YES;
				SWIFT_VERSION = 5.0;
				TARGETED_DEVICE_FAMILY = "1,2";
			};
			name = Release;
		};
		F39D755E2CAD390F0080D20A /* Debug */ = {
			isa = XCBuildConfiguration;
			buildSettings = {
				ALWAYS_EMBED_SWIFT_STANDARD_LIBRARIES = YES;
				BUNDLE_LOADER = "$(TEST_HOST)";
				CODE_SIGN_STYLE = Automatic;
				CURRENT_PROJECT_VERSION = 1;
				DEVELOPMENT_TEAM = J37PZZ77T2;
				GENERATE_INFOPLIST_FILE = YES;
				IPHONEOS_DEPLOYMENT_TARGET = 17.5;
				MARKETING_VERSION = 1.0;
				PRODUCT_BUNDLE_IDENTIFIER = com.example.CalendarTests;
				PRODUCT_NAME = "$(TARGET_NAME)";
				SWIFT_EMIT_LOC_STRINGS = NO;
				SWIFT_VERSION = 5.0;
				TARGETED_DEVICE_FAMILY = "1,2";
				TEST_HOST = "$(BUILT_PRODUCTS_DIR)/Calendar.app/$(BUNDLE_EXECUTABLE_FOLDER_PATH)/Calendar";
			};
			name = Debug;
		};
		F39D755F2CAD390F0080D20A /* Release */ = {
			isa = XCBuildConfiguration;
			buildSettings = {
				ALWAYS_EMBED_SWIFT_STANDARD_LIBRARIES = YES;
				BUNDLE_LOADER = "$(TEST_HOST)";
				CODE_SIGN_STYLE = Automatic;
				CURRENT_PROJECT_VERSION = 1;
				DEVELOPMENT_TEAM = J37PZZ77T2;
				GENERATE_INFOPLIST_FILE = YES;
				IPHONEOS_DEPLOYMENT_TARGET = 17.5;
				MARKETING_VERSION = 1.0;
				PRODUCT_BUNDLE_IDENTIFIER = com.example.CalendarTests;
				PRODUCT_NAME = "$(TARGET_NAME)";
				SWIFT_EMIT_LOC_STRINGS = NO;
				SWIFT_VERSION = 5.0;
				TARGETED_DEVICE_FAMILY = "1,2";
				TEST_HOST = "$(BUILT_PRODUCTS_DIR)/Calendar.app/$(BUNDLE_EXECUTABLE_FOLDER_PATH)/Calendar";
			};
			name = Release;
		};
		F39D75612CAD390F0080D20A /* Debug */ = {
			isa = XCBuildConfiguration;
			buildSettings = {
				ALWAYS_EMBED_SWIFT_STANDARD_LIBRARIES = YES;
				CODE_SIGN_STYLE = Automatic;
				CURRENT_PROJECT_VERSION = 1;
				DEVELOPMENT_TEAM = J37PZZ77T2;
				GENERATE_INFOPLIST_FILE = YES;
				MARKETING_VERSION = 1.0;
				PRODUCT_BUNDLE_IDENTIFIER = com.example.CalendarUITests;
				PRODUCT_NAME = "$(TARGET_NAME)";
				SWIFT_EMIT_LOC_STRINGS = NO;
				SWIFT_VERSION = 5.0;
				TARGETED_DEVICE_FAMILY = "1,2";
				TEST_TARGET_NAME = Calendar;
			};
			name = Debug;
		};
		F39D75622CAD390F0080D20A /* Release */ = {
			isa = XCBuildConfiguration;
			buildSettings = {
				ALWAYS_EMBED_SWIFT_STANDARD_LIBRARIES = YES;
				CODE_SIGN_STYLE = Automatic;
				CURRENT_PROJECT_VERSION = 1;
				DEVELOPMENT_TEAM = J37PZZ77T2;
				GENERATE_INFOPLIST_FILE = YES;
				MARKETING_VERSION = 1.0;
				PRODUCT_BUNDLE_IDENTIFIER = com.example.CalendarUITests;
				PRODUCT_NAME = "$(TARGET_NAME)";
				SWIFT_EMIT_LOC_STRINGS = NO;
				SWIFT_VERSION = 5.0;
				TARGETED_DEVICE_FAMILY = "1,2";
				TEST_TARGET_NAME = Calendar;
			};
			name = Release;
		};
/* End XCBuildConfiguration section */

/* Begin XCConfigurationList section */
		F39D75312CAD390E0080D20A /* Build configuration list for PBXProject "Calendar" */ = {
			isa = XCConfigurationList;
			buildConfigurations = (
				F39D75582CAD390F0080D20A /* Debug */,
				F39D75592CAD390F0080D20A /* Release */,
			);
			defaultConfigurationIsVisible = 0;
			defaultConfigurationName = Release;
		};
		F39D755A2CAD390F0080D20A /* Build configuration list for PBXNativeTarget "Calendar" */ = {
			isa = XCConfigurationList;
			buildConfigurations = (
				F39D755B2CAD390F0080D20A /* Debug */,
				F39D755C2CAD390F0080D20A /* Release */,
			);
			defaultConfigurationIsVisible = 0;
			defaultConfigurationName = Release;
		};
		F39D755D2CAD390F0080D20A /* Build configuration list for PBXNativeTarget "CalendarTests" */ = {
			isa = XCConfigurationList;
			buildConfigurations = (
				F39D755E2CAD390F0080D20A /* Debug */,
				F39D755F2CAD390F0080D20A /* Release */,
			);
			defaultConfigurationIsVisible = 0;
			defaultConfigurationName = Release;
		};
		F39D75602CAD390F0080D20A /* Build configuration list for PBXNativeTarget "CalendarUITests" */ = {
			isa = XCConfigurationList;
			buildConfigurations = (
				F39D75612CAD390F0080D20A /* Debug */,
				F39D75622CAD390F0080D20A /* Release */,
			);
			defaultConfigurationIsVisible = 0;
			defaultConfigurationName = Release;
		};
/* End XCConfigurationList section */

/* Begin XCRemoteSwiftPackageReference section */
		F3863F8F2CAD5B9D00B41F49 /* XCRemoteSwiftPackageReference "FSCalendar" */ = {
			isa = XCRemoteSwiftPackageReference;
			repositoryURL = "https://github.com/WenchaoD/FSCalendar";
			requirement = {
				kind = upToNextMajorVersion;
				minimumVersion = 2.8.4;
			};
		};
/* End XCRemoteSwiftPackageReference section */

/* Begin XCSwiftPackageProductDependency section */
		F3863F902CAD5B9D00B41F49 /* FSCalendar */ = {
			isa = XCSwiftPackageProductDependency;
			package = F3863F8F2CAD5B9D00B41F49 /* XCRemoteSwiftPackageReference "FSCalendar" */;
			productName = FSCalendar;
		};
/* End XCSwiftPackageProductDependency section */
	};
	rootObject = F39D752E2CAD390E0080D20A /* Project object */;
}
